
Microsoft Visual Studio Solution File, Format Version 12.00
# Visual Studio Version 16
VisualStudioVersion = 16.0.29411.108
MinimumVisualStudioVersion = 10.0.40219.1
Project("{FAE04EC0-301F-11D3-BF4B-00C04F79EFBC}") = "BoyerMoore_csharp", "BoyerMoore_csharp.csproj", "{EDAE1917-85F8-4E2D-A579-B81A02453ACE}"
EndProject
Global
	GlobalSection(SolutionConfigurationPlatforms) = preSolution
		Debug|Any CPU = Debug|Any CPU
		Release|Any CPU = Release|Any CPU
	EndGlobalSection
	GlobalSection(ProjectConfigurationPlatforms) = postSolution
		{EDAE1917-85F8-4E2D-A579-B81A02453ACE}.Debug|Any CPU.ActiveCfg = Debug|Any CPU
		{EDAE1917-85F8-4E2D-A579-B81A02453ACE}.Debug|Any CPU.Build.0 = Debug|Any CPU
		{EDAE1917-85F8-4E2D-A579-B81A02453ACE}.Release|Any CPU.ActiveCfg = Release|Any CPU
		{EDAE1917-85F8-4E2D-A579-B81A02453ACE}.Release|Any CPU.Build.0 = Release|Any CPU
	EndGlobalSection
	GlobalSection(SolutionProperties) = preSolution
		HideSolutionNode = FALSE
	EndGlobalSection
	GlobalSection(ExtensibilityGlobals) = postSolution
		SolutionGuid = {FAC2AFFA-7212-47D0-929C-6A0E4F56F8A8}
	EndGlobalSection
EndGlobal
